<Solution>
  <Folder Name="/src/">
    <Project Path="src/App.Cli/App.Cli.csproj" />
    <Project Path="src/App.Core/App.Core.csproj" />
    <Project Path="src/AsciiArt/AsciiArt.csproj" />
  </Folder>
  <Folder Name="/src/NullableIntroduction/">
    <Project Path="src/NullableIntroduction/NullableIntroduction.csproj" />
  </Folder>
  <Folder Name="/tests/">
    <Project Path="tests/App.Core.Tests/App.Core.Tests.csproj" />
  </Folder>
</Solution>
